
Microsoft Visual Studio Solution File, Format Version 12.00
# Visual Studio Version 17
VisualStudioVersion = 17.0.31903.59
MinimumVisualStudioVersion = 10.0.40219.1
Project("{FAE04EC0-301F-11D3-BF4B-00C04F79EFBC}") = "Teto.Discord.Bot", "Teto.Discord.Bot\Teto.Discord.Bot.csproj", "{854E6660-EA8D-4DA4-835D-C8C768005AD3}"
EndProject
Project("{FAE04EC0-301F-11D3-BF4B-00C04F79EFBC}") = "Tomat.FNB.Common", "fnb\src\Tomat.FNB.Common\Tomat.FNB.Common.csproj", "{75572367-A1D5-4B9F-BD5F-93A70A190C10}"
EndProject
Project("{FAE04EC0-301F-11D3-BF4B-00C04F79EFBC}") = "Tomat.FNB.TMOD", "fnb\src\Tomat.FNB.TMOD\Tomat.FNB.TMOD.csproj", "{C2C6637D-AB90-40C4-8C0F-EEA1E0724ABE}"
EndProject
Project("{FAE04EC0-301F-11D3-BF4B-00C04F79EFBC}") = "Tomat.FNB.Deflate", "fnb\src\LibDeflate.NET\src\Tomat.FNB.Deflate\Tomat.FNB.Deflate.csproj", "{91DEB984-95FF-4171-A917-4AFC480B94B0}"
EndProject
Project("{2150E333-8FDC-42A3-9474-1A3956D46DE8}") = "fnb", "fnb", "{7ED907A4-D21F-4454-97F7-236D81060A21}"
EndProject
Project("{2150E333-8FDC-42A3-9474-1A3956D46DE8}") = "plugins", "plugins", "{E3613FFA-4219-4C28-94DC-2498D55059F0}"
EndProject
Project("{FAE04EC0-301F-11D3-BF4B-00C04F79EFBC}") = "Teto.Discord.Abstractions", "Teto.Discord.Abstractions\Teto.Discord.Abstractions.csproj", "{7B4A7126-5E6B-415A-B118-F1C2DD0861F9}"
EndProject
Project("{FAE04EC0-301F-11D3-BF4B-00C04F79EFBC}") = "Tml.Plugin.Tag", "Tml.Plugin.Tag\Tml.Plugin.Tag.csproj", "{A22BC668-8E1E-42FE-AAF0-9A407A67D7E0}"
EndProject
Project("{FAE04EC0-301F-11D3-BF4B-00C04F79EFBC}") = "Tml.Plugin.Id", "Tml.Plugin.Id\Tml.Plugin.Id.csproj", "{E7E6C3DA-7E44-464F-9A71-02F8A7466190}"
EndProject
Project("{FAE04EC0-301F-11D3-BF4B-00C04F79EFBC}") = "Tml.Plugin.Extract", "Tml.Plugin.Extract\Tml.Plugin.Extract.csproj", "{7AF80374-8229-4C58-BF66-E818826E4FAB}"
EndProject
Project("{FAE04EC0-301F-11D3-BF4B-00C04F79EFBC}") = "Teto.Plugin.Default", "Teto.Plugin.Default\Teto.Plugin.Default.csproj", "{E667E3D7-6A75-4B82-8DC9-9D206779112D}"
EndProject
Global
	GlobalSection(SolutionConfigurationPlatforms) = preSolution
		Debug|Any CPU = Debug|Any CPU
		Release|Any CPU = Release|Any CPU
	EndGlobalSection
	GlobalSection(SolutionProperties) = preSolution
		HideSolutionNode = FALSE
	EndGlobalSection
	GlobalSection(ProjectConfigurationPlatforms) = postSolution
		{854E6660-EA8D-4DA4-835D-C8C768005AD3}.Debug|Any CPU.ActiveCfg = Debug|Any CPU
		{854E6660-EA8D-4DA4-835D-C8C768005AD3}.Debug|Any CPU.Build.0 = Debug|Any CPU
		{854E6660-EA8D-4DA4-835D-C8C768005AD3}.Release|Any CPU.ActiveCfg = Release|Any CPU
		{854E6660-EA8D-4DA4-835D-C8C768005AD3}.Release|Any CPU.Build.0 = Release|Any CPU
		{75572367-A1D5-4B9F-BD5F-93A70A190C10}.Debug|Any CPU.ActiveCfg = Debug|Any CPU
		{75572367-A1D5-4B9F-BD5F-93A70A190C10}.Debug|Any CPU.Build.0 = Debug|Any CPU
		{75572367-A1D5-4B9F-BD5F-93A70A190C10}.Release|Any CPU.ActiveCfg = Release|Any CPU
		{75572367-A1D5-4B9F-BD5F-93A70A190C10}.Release|Any CPU.Build.0 = Release|Any CPU
		{C2C6637D-AB90-40C4-8C0F-EEA1E0724ABE}.Debug|Any CPU.ActiveCfg = Debug|Any CPU
		{C2C6637D-AB90-40C4-8C0F-EEA1E0724ABE}.Debug|Any CPU.Build.0 = Debug|Any CPU
		{C2C6637D-AB90-40C4-8C0F-EEA1E0724ABE}.Release|Any CPU.ActiveCfg = Release|Any CPU
		{C2C6637D-AB90-40C4-8C0F-EEA1E0724ABE}.Release|Any CPU.Build.0 = Release|Any CPU
		{91DEB984-95FF-4171-A917-4AFC480B94B0}.Debug|Any CPU.ActiveCfg = Debug|Any CPU
		{91DEB984-95FF-4171-A917-4AFC480B94B0}.Debug|Any CPU.Build.0 = Debug|Any CPU
		{91DEB984-95FF-4171-A917-4AFC480B94B0}.Release|Any CPU.ActiveCfg = Release|Any CPU
		{91DEB984-95FF-4171-A917-4AFC480B94B0}.Release|Any CPU.Build.0 = Release|Any CPU
		{7B4A7126-5E6B-415A-B118-F1C2DD0861F9}.Debug|Any CPU.ActiveCfg = Debug|Any CPU
		{7B4A7126-5E6B-415A-B118-F1C2DD0861F9}.Debug|Any CPU.Build.0 = Debug|Any CPU
		{7B4A7126-5E6B-415A-B118-F1C2DD0861F9}.Release|Any CPU.ActiveCfg = Release|Any CPU
		{7B4A7126-5E6B-415A-B118-F1C2DD0861F9}.Release|Any CPU.Build.0 = Release|Any CPU
		{A22BC668-8E1E-42FE-AAF0-9A407A67D7E0}.Debug|Any CPU.ActiveCfg = Debug|Any CPU
		{A22BC668-8E1E-42FE-AAF0-9A407A67D7E0}.Debug|Any CPU.Build.0 = Debug|Any CPU
		{A22BC668-8E1E-42FE-AAF0-9A407A67D7E0}.Release|Any CPU.ActiveCfg = Release|Any CPU
		{A22BC668-8E1E-42FE-AAF0-9A407A67D7E0}.Release|Any CPU.Build.0 = Release|Any CPU
		{E7E6C3DA-7E44-464F-9A71-02F8A7466190}.Debug|Any CPU.ActiveCfg = Debug|Any CPU
		{E7E6C3DA-7E44-464F-9A71-02F8A7466190}.Debug|Any CPU.Build.0 = Debug|Any CPU
		{E7E6C3DA-7E44-464F-9A71-02F8A7466190}.Release|Any CPU.ActiveCfg = Release|Any CPU
		{E7E6C3DA-7E44-464F-9A71-02F8A7466190}.Release|Any CPU.Build.0 = Release|Any CPU
		{7AF80374-8229-4C58-BF66-E818826E4FAB}.Debug|Any CPU.ActiveCfg = Debug|Any CPU
		{7AF80374-8229-4C58-BF66-E818826E4FAB}.Debug|Any CPU.Build.0 = Debug|Any CPU
		{7AF80374-8229-4C58-BF66-E818826E4FAB}.Release|Any CPU.ActiveCfg = Release|Any CPU
		{7AF80374-8229-4C58-BF66-E818826E4FAB}.Release|Any CPU.Build.0 = Release|Any CPU
		{E667E3D7-6A75-4B82-8DC9-9D206779112D}.Debug|Any CPU.ActiveCfg = Debug|Any CPU
		{E667E3D7-6A75-4B82-8DC9-9D206779112D}.Debug|Any CPU.Build.0 = Debug|Any CPU
		{E667E3D7-6A75-4B82-8DC9-9D206779112D}.Release|Any CPU.ActiveCfg = Release|Any CPU
		{E667E3D7-6A75-4B82-8DC9-9D206779112D}.Release|Any CPU.Build.0 = Release|Any CPU
	EndGlobalSection
	GlobalSection(NestedProjects) = preSolution
		{75572367-A1D5-4B9F-BD5F-93A70A190C10} = {7ED907A4-D21F-4454-97F7-236D81060A21}
		{91DEB984-95FF-4171-A917-4AFC480B94B0} = {7ED907A4-D21F-4454-97F7-236D81060A21}
		{C2C6637D-AB90-40C4-8C0F-EEA1E0724ABE} = {7ED907A4-D21F-4454-97F7-236D81060A21}
		{A22BC668-8E1E-42FE-AAF0-9A407A67D7E0} = {E3613FFA-4219-4C28-94DC-2498D55059F0}
		{E7E6C3DA-7E44-464F-9A71-02F8A7466190} = {E3613FFA-4219-4C28-94DC-2498D55059F0}
		{7AF80374-8229-4C58-BF66-E818826E4FAB} = {E3613FFA-4219-4C28-94DC-2498D55059F0}
		{E667E3D7-6A75-4B82-8DC9-9D206779112D} = {E3613FFA-4219-4C28-94DC-2498D55059F0}
	EndGlobalSection
EndGlobal
